// !$*UTF8*$!
{
	archiveVersion = 1;
	classes = {
	};
	objectVersion = 46;
	objects = {

/* Begin PBXBuildFile section */
		E26639FE18DB8A9B006DE13A /* Foundation.framework in Frameworks */ = {isa = PBXBuildFile; fileRef = E26639FD18DB8A9B006DE13A /* Foundation.framework */; };
		E2663A0018DB8A9B006DE13A /* CoreGraphics.framework in Frameworks */ = {isa = PBXBuildFile; fileRef = E26639FF18DB8A9B006DE13A /* CoreGraphics.framework */; };
		E2663A0218DB8A9B006DE13A /* UIKit.framework in Frameworks */ = {isa = PBXBuildFile; fileRef = E2663A0118DB8A9B006DE13A /* UIKit.framework */; };
		E2663A0818DB8A9B006DE13A /* InfoPlist.strings in Resources */ = {isa = PBXBuildFile; fileRef = E2663A0618DB8A9B006DE13A /* InfoPlist.strings */; };
		E2663A0A18DB8A9B006DE13A /* main.m in Sources */ = {isa = PBXBuildFile; fileRef = E2663A0918DB8A9B006DE13A /* main.m */; };
		E2663A0E18DB8A9B006DE13A /* AppDelegate.m in Sources */ = {isa = PBXBuildFile; fileRef = E2663A0D18DB8A9B006DE13A /* AppDelegate.m */; };
		E2663A1118DB8A9B006DE13A /* Main.storyboard in Resources */ = {isa = PBXBuildFile; fileRef = E2663A0F18DB8A9B006DE13A /* Main.storyboard */; };
		E2663A1418DB8A9B006DE13A /* FirstViewController.m in Sources */ = {isa = PBXBuildFile; fileRef = E2663A1318DB8A9B006DE13A /* FirstViewController.m */; };
		E2663A1718DB8A9B006DE13A /* SecondViewController.m in Sources */ = {isa = PBXBuildFile; fileRef = E2663A1618DB8A9B006DE13A /* SecondViewController.m */; };
		E2663A1918DB8A9B006DE13A /* Images.xcassets in Resources */ = {isa = PBXBuildFile; fileRef = E2663A1818DB8A9B006DE13A /* Images.xcassets */; };
		E2663A2018DB8A9C006DE13A /* XCTest.framework in Frameworks */ = {isa = PBXBuildFile; fileRef = E2663A1F18DB8A9C006DE13A /* XCTest.framework */; };
		E2663A2118DB8A9C006DE13A /* Foundation.framework in Frameworks */ = {isa = PBXBuildFile; fileRef = E26639FD18DB8A9B006DE13A /* Foundation.framework */; };
		E2663A2218DB8A9C006DE13A /* UIKit.framework in Frameworks */ = {isa = PBXBuildFile; fileRef = E2663A0118DB8A9B006DE13A /* UIKit.framework */; };
		E2663A2A18DB8A9C006DE13A /* InfoPlist.strings in Resources */ = {isa = PBXBuildFile; fileRef = E2663A2818DB8A9C006DE13A /* InfoPlist.strings */; };
		E2663A2C18DB8A9C006DE13A /* tabAppTests.m in Sources */ = {isa = PBXBuildFile; fileRef = E2663A2B18DB8A9C006DE13A /* tabAppTests.m */; };
/* End PBXBuildFile section */

/* Begin PBXContainerItemProxy section */
		E2663A2318DB8A9C006DE13A /* PBXContainerItemProxy */ = {
			isa = PBXContainerItemProxy;
			containerPortal = E26639F218DB8A9B006DE13A /* Project object */;
			proxyType = 1;
			remoteGlobalIDString = E26639F918DB8A9B006DE13A;
			remoteInfo = tabApp;
		};
/* End PBXContainerItemProxy section */

/* Begin PBXFileReference section */
		E26639FA18DB8A9B006DE13A /* tabApp.app */ = {isa = PBXFileReference; explicitFileType = wrapper.application; includeInIndex = 0; path = tabApp.app; sourceTree = BUILT_PRODUCTS_DIR; };
		E26639FD18DB8A9B006DE13A /* Foundation.framework */ = {isa = PBXFileReference; lastKnownFileType = wrapper.framework; name = Foundation.framework; path = System/Library/Frameworks/Foundation.framework; sourceTree = SDKROOT; };
		E26639FF18DB8A9B006DE13A /* CoreGraphics.framework */ = {isa = PBXFileReference; lastKnownFileType = wrapper.framework; name = CoreGraphics.framework; path = System/Library/Frameworks/CoreGraphics.framework; sourceTree = SDKROOT; };
		E2663A0118DB8A9B006DE13A /* UIKit.framework */ = {isa = PBXFileReference; lastKnownFileType = wrapper.framework; name = UIKit.framework; path = System/Library/Frameworks/UIKit.framework; sourceTree = SDKROOT; };
		E2663A0518DB8A9B006DE13A /* tabApp-Info.plist */ = {isa = PBXFileReference; lastKnownFileType = text.plist.xml; path = "tabApp-Info.plist"; sourceTree = "<group>"; };
		E2663A0718DB8A9B006DE13A /* en */ = {isa = PBXFileReference; lastKnownFileType = text.plist.strings; name = en; path = en.lproj/InfoPlist.strings; sourceTree = "<group>"; };
		E2663A0918DB8A9B006DE13A /* main.m */ = {isa = PBXFileReference; lastKnownFileType = sourcecode.c.objc; path = main.m; sourceTree = "<group>"; };
		E2663A0B18DB8A9B006DE13A /* tabApp-Prefix.pch */ = {isa = PBXFileReference; lastKnownFileType = sourcecode.c.h; path = "tabApp-Prefix.pch"; sourceTree = "<group>"; };
		E2663A0C18DB8A9B006DE13A /* AppDelegate.h */ = {isa = PBXFileReference; lastKnownFileType = sourcecode.c.h; path = AppDelegate.h; sourceTree = "<group>"; };
		E2663A0D18DB8A9B006DE13A /* AppDelegate.m */ = {isa = PBXFileReference; lastKnownFileType = sourcecode.c.objc; path = AppDelegate.m; sourceTree = "<group>"; };
		E2663A1018DB8A9B006DE13A /* Base */ = {isa = PBXFileReference; lastKnownFileType = file.storyboard; name = Base; path = Base.lproj/Main.storyboard; sourceTree = "<group>"; };
		E2663A1218DB8A9B006DE13A /* FirstViewController.h */ = {isa = PBXFileReference; lastKnownFileType = sourcecode.c.h; path = FirstViewController.h; sourceTree = "<group>"; };
		E2663A1318DB8A9B006DE13A /* FirstViewController.m */ = {isa = PBXFileReference; lastKnownFileType = sourcecode.c.objc; path = FirstViewController.m; sourceTree = "<group>"; };
		E2663A1518DB8A9B006DE13A /* SecondViewController.h */ = {isa = PBXFileReference; lastKnownFileType = sourcecode.c.h; path = SecondViewController.h; sourceTree = "<group>"; };
		E2663A1618DB8A9B006DE13A /* SecondViewController.m */ = {isa = PBXFileReference; lastKnownFileType = sourcecode.c.objc; path = SecondViewController.m; sourceTree = "<group>"; };
		E2663A1818DB8A9B006DE13A /* Images.xcassets */ = {isa = PBXFileReference; lastKnownFileType = folder.assetcatalog; path = Images.xcassets; sourceTree = "<group>"; };
		E2663A1E18DB8A9C006DE13A /* tabAppTests.xctest */ = {isa = PBXFileReference; explicitFileType = wrapper.cfbundle; includeInIndex = 0; path = tabAppTests.xctest; sourceTree = BUILT_PRODUCTS_DIR; };
		E2663A1F18DB8A9C006DE13A /* XCTest.framework */ = {isa = PBXFileReference; lastKnownFileType = wrapper.framework; name = XCTest.framework; path = Library/Frameworks/XCTest.framework; sourceTree = DEVELOPER_DIR; };
		E2663A2718DB8A9C006DE13A /* tabAppTests-Info.plist */ = {isa = PBXFileReference; lastKnownFileType = text.plist.xml; path = "tabAppTests-Info.plist"; sourceTree = "<group>"; };
		E2663A2918DB8A9C006DE13A /* en */ = {isa = PBXFileReference; lastKnownFileType = text.plist.strings; name = en; path = en.lproj/InfoPlist.strings; sourceTree = "<group>"; };
		E2663A2B18DB8A9C006DE13A /* tabAppTests.m */ = {isa = PBXFileReference; lastKnownFileType = sourcecode.c.objc; path = tabAppTests.m; sourceTree = "<group>"; };
/* End PBXFileReference section */

/* Begin PBXFrameworksBuildPhase section */
		E26639F718DB8A9B006DE13A /* Frameworks */ = {
			isa = PBXFrameworksBuildPhase;
			buildActionMask = 2147483647;
			files = (
				E2663A0018DB8A9B006DE13A /* CoreGraphics.framework in Frameworks */,
				E2663A0218DB8A9B006DE13A /* UIKit.framework in Frameworks */,
				E26639FE18DB8A9B006DE13A /* Foundation.framework in Frameworks */,
			);
			runOnlyForDeploymentPostprocessing = 0;
		};
		E2663A1B18DB8A9C006DE13A /* Frameworks */ = {
			isa = PBXFrameworksBuildPhase;
			buildActionMask = 2147483647;
			files = (
				E2663A2018DB8A9C006DE13A /* XCTest.framework in Frameworks */,
				E2663A2218DB8A9C006DE13A /* UIKit.framework in Frameworks */,
				E2663A2118DB8A9C006DE13A /* Foundation.framework in Frameworks */,
			);
			runOnlyForDeploymentPostprocessing = 0;
		};
/* End PBXFrameworksBuildPhase section */

/* Begin PBXGroup section */
		E26639F118DB8A9B006DE13A = {
			isa = PBXGroup;
			children = (
				E2663A0318DB8A9B006DE13A /* tabApp */,
				E2663A2518DB8A9C006DE13A /* tabAppTests */,
				E26639FC18DB8A9B006DE13A /* Frameworks */,
				E26639FB18DB8A9B006DE13A /* Products */,
			);
			sourceTree = "<group>";
		};
		E26639FB18DB8A9B006DE13A /* Products */ = {
			isa = PBXGroup;
			children = (
				E26639FA18DB8A9B006DE13A /* tabApp.app */,
				E2663A1E18DB8A9C006DE13A /* tabAppTests.xctest */,
			);
			name = Products;
			sourceTree = "<group>";
		};
		E26639FC18DB8A9B006DE13A /* Frameworks */ = {
			isa = PBXGroup;
			children = (
				E26639FD18DB8A9B006DE13A /* Foundation.framework */,
				E26639FF18DB8A9B006DE13A /* CoreGraphics.framework */,
				E2663A0118DB8A9B006DE13A /* UIKit.framework */,
				E2663A1F18DB8A9C006DE13A /* XCTest.framework */,
			);
			name = Frameworks;
			sourceTree = "<group>";
		};
		E2663A0318DB8A9B006DE13A /* tabApp */ = {
			isa = PBXGroup;
			children = (
				E2663A0C18DB8A9B006DE13A /* AppDelegate.h */,
				E2663A0D18DB8A9B006DE13A /* AppDelegate.m */,
				E2663A0F18DB8A9B006DE13A /* Main.storyboard */,
				E2663A1218DB8A9B006DE13A /* FirstViewController.h */,
				E2663A1318DB8A9B006DE13A /* FirstViewController.m */,
				E2663A1518DB8A9B006DE13A /* SecondViewController.h */,
				E2663A1618DB8A9B006DE13A /* SecondViewController.m */,
				E2663A1818DB8A9B006DE13A /* Images.xcassets */,
				E2663A0418DB8A9B006DE13A /* Supporting Files */,
			);
			path = tabApp;
			sourceTree = "<group>";
		};
		E2663A0418DB8A9B006DE13A /* Supporting Files */ = {
			isa = PBXGroup;
			children = (
				E2663A0518DB8A9B006DE13A /* tabApp-Info.plist */,
				E2663A0618DB8A9B006DE13A /* InfoPlist.strings */,
				E2663A0918DB8A9B006DE13A /* main.m */,
				E2663A0B18DB8A9B006DE13A /* tabApp-Prefix.pch */,
			);
			name = "Supporting Files";
			sourceTree = "<group>";
		};
		E2663A2518DB8A9C006DE13A /* tabAppTests */ = {
			isa = PBXGroup;
			children = (
				E2663A2B18DB8A9C006DE13A /* tabAppTests.m */,
				E2663A2618DB8A9C006DE13A /* Supporting Files */,
			);
			path = tabAppTests;
			sourceTree = "<group>";
		};
		E2663A2618DB8A9C006DE13A /* Supporting Files */ = {
			isa = PBXGroup;
			children = (
				E2663A2718DB8A9C006DE13A /* tabAppTests-Info.plist */,
				E2663A2818DB8A9C006DE13A /* InfoPlist.strings */,
			);
			name = "Supporting Files";
			sourceTree = "<group>";
		};
/* End PBXGroup section */

/* Begin PBXNativeTarget section */
		E26639F918DB8A9B006DE13A /* tabApp */ = {
			isa = PBXNativeTarget;
			buildConfigurationList = E2663A2F18DB8A9C006DE13A /* Build configuration list for PBXNativeTarget "tabApp" */;
			buildPhases = (
				E26639F618DB8A9B006DE13A /* Sources */,
				E26639F718DB8A9B006DE13A /* Frameworks */,
				E26639F818DB8A9B006DE13A /* Resources */,
			);
			buildRules = (
			);
			dependencies = (
			);
			name = tabApp;
			productName = tabApp;
			productReference = E26639FA18DB8A9B006DE13A /* tabApp.app */;
			productType = "com.apple.product-type.application";
		};
		E2663A1D18DB8A9C006DE13A /* tabAppTests */ = {
			isa = PBXNativeTarget;
			buildConfigurationList = E2663A3218DB8A9C006DE13A /* Build configuration list for PBXNativeTarget "tabAppTests" */;
			buildPhases = (
				E2663A1A18DB8A9C006DE13A /* Sources */,
				E2663A1B18DB8A9C006DE13A /* Frameworks */,
				E2663A1C18DB8A9C006DE13A /* Resources */,
			);
			buildRules = (
			);
			dependencies = (
				E2663A2418DB8A9C006DE13A /* PBXTargetDependency */,
			);
			name = tabAppTests;
			productName = tabAppTests;
			productReference = E2663A1E18DB8A9C006DE13A /* tabAppTests.xctest */;
			productType = "com.apple.product-type.bundle.unit-test";
		};
/* End PBXNativeTarget section */

/* Begin PBXProject section */
		E26639F218DB8A9B006DE13A /* Project object */ = {
			isa = PBXProject;
			attributes = {
				LastUpgradeCheck = 0500;
				ORGANIZATIONNAME = Roni;
				TargetAttributes = {
					E2663A1D18DB8A9C006DE13A = {
						TestTargetID = E26639F918DB8A9B006DE13A;
					};
				};
			};
			buildConfigurationList = E26639F518DB8A9B006DE13A /* Build configuration list for PBXProject "tabApp" */;
			compatibilityVersion = "Xcode 3.2";
			developmentRegion = English;
			hasScannedForEncodings = 0;
			knownRegions = (
				en,
				Base,
			);
			mainGroup = E26639F118DB8A9B006DE13A;
			productRefGroup = E26639FB18DB8A9B006DE13A /* Products */;
			projectDirPath = "";
			projectRoot = "";
			targets = (
				E26639F918DB8A9B006DE13A /* tabApp */,
				E2663A1D18DB8A9C006DE13A /* tabAppTests */,
			);
		};
/* End PBXProject section */

/* Begin PBXResourcesBuildPhase section */
		E26639F818DB8A9B006DE13A /* Resources */ = {
			isa = PBXResourcesBuildPhase;
			buildActionMask = 2147483647;
			files = (
				E2663A1918DB8A9B006DE13A /* Images.xcassets in Resources */,
				E2663A0818DB8A9B006DE13A /* InfoPlist.strings in Resources */,
				E2663A1118DB8A9B006DE13A /* Main.storyboard in Resources */,
			);
			runOnlyForDeploymentPostprocessing = 0;
		};
		E2663A1C18DB8A9C006DE13A /* Resources */ = {
			isa = PBXResourcesBuildPhase;
			buildActionMask = 2147483647;
			files = (
				E2663A2A18DB8A9C006DE13A /* InfoPlist.strings in Resources */,
			);
			runOnlyForDeploymentPostprocessing = 0;
		};
/* End PBXResourcesBuildPhase section */

/* Begin PBXSourcesBuildPhase section */
		E26639F618DB8A9B006DE13A /* Sources */ = {
			isa = PBXSourcesBuildPhase;
			buildActionMask = 2147483647;
			files = (
				E2663A1718DB8A9B006DE13A /* SecondViewController.m in Sources */,
				E2663A0E18DB8A9B006DE13A /* AppDelegate.m in Sources */,
				E2663A1418DB8A9B006DE13A /* FirstViewController.m in Sources */,
				E2663A0A18DB8A9B006DE13A /* main.m in Sources */,
			);
			runOnlyForDeploymentPostprocessing = 0;
		};
		E2663A1A18DB8A9C006DE13A /* Sources */ = {
			isa = PBXSourcesBuildPhase;
			buildActionMask = 2147483647;
			files = (
				E2663A2C18DB8A9C006DE13A /* tabAppTests.m in Sources */,
			);
			runOnlyForDeploymentPostprocessing = 0;
		};
/* End PBXSourcesBuildPhase section */

/* Begin PBXTargetDependency section */
		E2663A2418DB8A9C006DE13A /* PBXTargetDependency */ = {
			isa = PBXTargetDependency;
			target = E26639F918DB8A9B006DE13A /* tabApp */;
			targetProxy = E2663A2318DB8A9C006DE13A /* PBXContainerItemProxy */;
		};
/* End PBXTargetDependency section */

/* Begin PBXVariantGroup section */
		E2663A0618DB8A9B006DE13A /* InfoPlist.strings */ = {
			isa = PBXVariantGroup;
			children = (
				E2663A0718DB8A9B006DE13A /* en */,
			);
			name = InfoPlist.strings;
			sourceTree = "<group>";
		};
		E2663A0F18DB8A9B006DE13A /* Main.storyboard */ = {
			isa = PBXVariantGroup;
			children = (
				E2663A1018DB8A9B006DE13A /* Base */,
			);
			name = Main.storyboard;
			sourceTree = "<group>";
		};
		E2663A2818DB8A9C006DE13A /* InfoPlist.strings */ = {
			isa = PBXVariantGroup;
			children = (
				E2663A2918DB8A9C006DE13A /* en */,
			);
			name = InfoPlist.strings;
			sourceTree = "<group>";
		};
/* End PBXVariantGroup section */

/* Begin XCBuildConfiguration section */
		E2663A2D18DB8A9C006DE13A /* Debug */ = {
			isa = XCBuildConfiguration;
			buildSettings = {
				ALWAYS_SEARCH_USER_PATHS = NO;
				ARCHS = "$(ARCHS_STANDARD_INCLUDING_64_BIT)";
				CLANG_CXX_LANGUAGE_STANDARD = "gnu++0x";
				CLANG_CXX_LIBRARY = "libc++";
				CLANG_ENABLE_MODULES = YES;
				CLANG_ENABLE_OBJC_ARC = YES;
				CLANG_WARN_BOOL_CONVERSION = YES;
				CLANG_WARN_CONSTANT_CONVERSION = YES;
				CLANG_WARN_DIRECT_OBJC_ISA_USAGE = YES_ERROR;
				CLANG_WARN_EMPTY_BODY = YES;
				CLANG_WARN_ENUM_CONVERSION = YES;
				CLANG_WARN_INT_CONVERSION = YES;
				CLANG_WARN_OBJC_ROOT_CLASS = YES_ERROR;
				CLANG_WARN__DUPLICATE_METHOD_MATCH = YES;
				"CODE_SIGN_IDENTITY[sdk=iphoneos*]" = "iPhone Developer";
				COPY_PHASE_STRIP = NO;
				GCC_C_LANGUAGE_STANDARD = gnu99;
				GCC_DYNAMIC_NO_PIC = NO;
				GCC_OPTIMIZATION_LEVEL = 0;
				GCC_PREPROCESSOR_DEFINITIONS = (
					"DEBUG=1",
					"$(inherited)",
				);
				GCC_SYMBOLS_PRIVATE_EXTERN = NO;
				GCC_WARN_64_TO_32_BIT_CONVERSION = YES;
				GCC_WARN_ABOUT_RETURN_TYPE = YES_ERROR;
				GCC_WARN_UNDECLARED_SELECTOR = YES;
				GCC_WARN_UNINITIALIZED_AUTOS = YES;
				GCC_WARN_UNUSED_FUNCTION = YES;
				GCC_WARN_UNUSED_VARIABLE = YES;
				IPHONEOS_DEPLOYMENT_TARGET = 7.0;
				ONLY_ACTIVE_ARCH = YES;
				SDKROOT = iphoneos;
			};
			name = Debug;
		};
		E2663A2E18DB8A9C006DE13A /* Release */ = {
			isa = XCBuildConfiguration;
			buildSettings = {
				ALWAYS_SEARCH_USER_PATHS = NO;
				ARCHS = "$(ARCHS_STANDARD_INCLUDING_64_BIT)";
				CLANG_CXX_LANGUAGE_STANDARD = "gnu++0x";
				CLANG_CXX_LIBRARY = "libc++";
				CLANG_ENABLE_MODULES = YES;
				CLANG_ENABLE_OBJC_ARC = YES;
				CLANG_WARN_BOOL_CONVERSION = YES;
				CLANG_WARN_CONSTANT_CONVERSION = YES;
				CLANG_WARN_DIRECT_OBJC_ISA_USAGE = YES_ERROR;
				CLANG_WARN_EMPTY_BODY = YES;
				CLANG_WARN_ENUM_CONVERSION = YES;
				CLANG_WARN_INT_CONVERSION = YES;
				CLANG_WARN_OBJC_ROOT_CLASS = YES_ERROR;
				CLANG_WARN__DUPLICATE_METHOD_MATCH = YES;
				"CODE_SIGN_IDENTITY[sdk=iphoneos*]" = "iPhone Developer";
				COPY_PHASE_STRIP = YES;
				ENABLE_NS_ASSERTIONS = NO;
				GCC_C_LANGUAGE_STANDARD = gnu99;
				GCC_WARN_64_TO_32_BIT_CONVERSION = YES;
				GCC_WARN_ABOUT_RETURN_TYPE = YES_ERROR;
				GCC_WARN_UNDECLARED_SELECTOR = YES;
				GCC_WARN_UNINITIALIZED_AUTOS = YES;
				GCC_WARN_UNUSED_FUNCTION = YES;
				GCC_WARN_UNUSED_VARIABLE = YES;
				IPHONEOS_DEPLOYMENT_TARGET = 7.0;
				SDKROOT = iphoneos;
				VALIDATE_PRODUCT = YES;
			};
			name = Release;
		};
		E2663A3018DB8A9C006DE13A /* Debug */ = {
			isa = XCBuildConfiguration;
			buildSettings = {
				ASSETCATALOG_COMPILER_APPICON_NAME = AppIcon;
				ASSETCATALOG_COMPILER_LAUNCHIMAGE_NAME = LaunchImage;
				GCC_PRECOMPILE_PREFIX_HEADER = YES;
				GCC_PREFIX_HEADER = "tabApp/tabApp-Prefix.pch";
				INFOPLIST_FILE = "tabApp/tabApp-Info.plist";
				PRODUCT_NAME = "$(TARGET_NAME)";
				WRAPPER_EXTENSION = app;
			};
			name = Debug;
		};
		E2663A3118DB8A9C006DE13A /* Release */ = {
			isa = XCBuildConfiguration;
			buildSettings = {
				ASSETCATALOG_COMPILER_APPICON_NAME = AppIcon;
				ASSETCATALOG_COMPILER_LAUNCHIMAGE_NAME = LaunchImage;
				GCC_PRECOMPILE_PREFIX_HEADER = YES;
				GCC_PREFIX_HEADER = "tabApp/tabApp-Prefix.pch";
				INFOPLIST_FILE = "tabApp/tabApp-Info.plist";
				PRODUCT_NAME = "$(TARGET_NAME)";
				WRAPPER_EXTENSION = app;
			};
			name = Release;
		};
		E2663A3318DB8A9C006DE13A /* Debug */ = {
			isa = XCBuildConfiguration;
			buildSettings = {
				ARCHS = "$(ARCHS_STANDARD_INCLUDING_64_BIT)";
				BUNDLE_LOADER = "$(BUILT_PRODUCTS_DIR)/tabApp.app/tabApp";
				FRAMEWORK_SEARCH_PATHS = (
					"$(SDKROOT)/Developer/Library/Frameworks",
					"$(inherited)",
					"$(DEVELOPER_FRAMEWORKS_DIR)",
				);
				GCC_PRECOMPILE_PREFIX_HEADER = YES;
				GCC_PREFIX_HEADER = "tabApp/tabApp-Prefix.pch";
				GCC_PREPROCESSOR_DEFINITIONS = (
					"DEBUG=1",
					"$(inherited)",
				);
				INFOPLIST_FILE = "tabAppTests/tabAppTests-Info.plist";
				PRODUCT_NAME = "$(TARGET_NAME)";
				TEST_HOST = "$(BUNDLE_LOADER)";
				WRAPPER_EXTENSION = xctest;
			};
			name = Debug;
		};
		E2663A3418DB8A9C006DE13A /* Release */ = {
			isa = XCBuildConfiguration;
			buildSettings = {
				ARCHS = "$(ARCHS_STANDARD_INCLUDING_64_BIT)";
				BUNDLE_LOADER = "$(BUILT_PRODUCTS_DIR)/tabApp.app/tabApp";
				FRAMEWORK_SEARCH_PATHS = (
					"$(SDKROOT)/Developer/Library/Frameworks",
					"$(inherited)",
					"$(DEVELOPER_FRAMEWORKS_DIR)",
				);
				GCC_PRECOMPILE_PREFIX_HEADER = YES;
				GCC_PREFIX_HEADER = "tabApp/tabApp-Prefix.pch";
				INFOPLIST_FILE = "tabAppTests/tabAppTests-Info.plist";
				PRODUCT_NAME = "$(TARGET_NAME)";
				TEST_HOST = "$(BUNDLE_LOADER)";
				WRAPPER_EXTENSION = xctest;
			};
			name = Release;
		};
/* End XCBuildConfiguration section */

/* Begin XCConfigurationList section */
		E26639F518DB8A9B006DE13A /* Build configuration list for PBXProject "tabApp" */ = {
			isa = XCConfigurationList;
			buildConfigurations = (
				E2663A2D18DB8A9C006DE13A /* Debug */,
				E2663A2E18DB8A9C006DE13A /* Release */,
			);
			defaultConfigurationIsVisible = 0;
			defaultConfigurationName = Release;
		};
		E2663A2F18DB8A9C006DE13A /* Build configuration list for PBXNativeTarget "tabApp" */ = {
			isa = XCConfigurationList;
			buildConfigurations = (
				E2663A3018DB8A9C006DE13A /* Debug */,
				E2663A3118DB8A9C006DE13A /* Release */,
			);
			defaultConfigurationIsVisible = 0;
		};
		E2663A3218DB8A9C006DE13A /* Build configuration list for PBXNativeTarget "tabAppTests" */ = {
			isa = XCConfigurationList;
			buildConfigurations = (
				E2663A3318DB8A9C006DE13A /* Debug */,
				E2663A3418DB8A9C006DE13A /* Release */,
			);
			defaultConfigurationIsVisible = 0;
		};
/* End XCConfigurationList section */
	};
	rootObject = E26639F218DB8A9B006DE13A /* Project object */;
}
